
Microsoft Visual Studio Solution File, Format Version 12.00
# Visual Studio Version 17
VisualStudioVersion = 17.12.35707.178
MinimumVisualStudioVersion = 10.0.40219.1
Project("{2150E333-8FDC-42A3-9474-1A3956D46DE8}") = "scr", "scr", "{00B2353B-1835-4527-BE76-9BF0E1E4E6F3}"
EndProject
Project("{FAE04EC0-301F-11D3-BF4B-00C04F79EFBC}") = "Project.Api", "scr\Project.Api\Project.Api.csproj", "{524DF466-E988-4072-A22F-33A5C0FC31A7}"
EndProject
Project("{FAE04EC0-301F-11D3-BF4B-00C04F79EFBC}") = "Project.Application", "scr\Project.Application\Project.Application.csproj", "{97455336-ED08-41B6-91BF-16A40CDEA0A5}"
EndProject
Project("{FAE04EC0-301F-11D3-BF4B-00C04F79EFBC}") = "Project.Communication", "scr\Project.Communication\Project.Communication.csproj", "{1D198447-BB63-4E5E-9873-89DF7AA73825}"
EndProject
Global
	GlobalSection(SolutionConfigurationPlatforms) = preSolution
		Debug|Any CPU = Debug|Any CPU
		Release|Any CPU = Release|Any CPU
	EndGlobalSection
	GlobalSection(ProjectConfigurationPlatforms) = postSolution
		{524DF466-E988-4072-A22F-33A5C0FC31A7}.Debug|Any CPU.ActiveCfg = Debug|Any CPU
		{524DF466-E988-4072-A22F-33A5C0FC31A7}.Debug|Any CPU.Build.0 = Debug|Any CPU
		{524DF466-E988-4072-A22F-33A5C0FC31A7}.Release|Any CPU.ActiveCfg = Release|Any CPU
		{524DF466-E988-4072-A22F-33A5C0FC31A7}.Release|Any CPU.Build.0 = Release|Any CPU
		{97455336-ED08-41B6-91BF-16A40CDEA0A5}.Debug|Any CPU.ActiveCfg = Debug|Any CPU
		{97455336-ED08-41B6-91BF-16A40CDEA0A5}.Debug|Any CPU.Build.0 = Debug|Any CPU
		{97455336-ED08-41B6-91BF-16A40CDEA0A5}.Release|Any CPU.ActiveCfg = Release|Any CPU
		{97455336-ED08-41B6-91BF-16A40CDEA0A5}.Release|Any CPU.Build.0 = Release|Any CPU
		{1D198447-BB63-4E5E-9873-89DF7AA73825}.Debug|Any CPU.ActiveCfg = Debug|Any CPU
		{1D198447-BB63-4E5E-9873-89DF7AA73825}.Debug|Any CPU.Build.0 = Debug|Any CPU
		{1D198447-BB63-4E5E-9873-89DF7AA73825}.Release|Any CPU.ActiveCfg = Release|Any CPU
		{1D198447-BB63-4E5E-9873-89DF7AA73825}.Release|Any CPU.Build.0 = Release|Any CPU
	EndGlobalSection
	GlobalSection(SolutionProperties) = preSolution
		HideSolutionNode = FALSE
	EndGlobalSection
	GlobalSection(NestedProjects) = preSolution
		{524DF466-E988-4072-A22F-33A5C0FC31A7} = {00B2353B-1835-4527-BE76-9BF0E1E4E6F3}
		{97455336-ED08-41B6-91BF-16A40CDEA0A5} = {00B2353B-1835-4527-BE76-9BF0E1E4E6F3}
		{1D198447-BB63-4E5E-9873-89DF7AA73825} = {00B2353B-1835-4527-BE76-9BF0E1E4E6F3}
	EndGlobalSection
EndGlobal
